
Microsoft Visual Studio Solution File, Format Version 12.00
# Visual Studio Version 17
VisualStudioVersion = 17.9.34728.123
MinimumVisualStudioVersion = 10.0.40219.1
Project("{FAE04EC0-301F-11D3-BF4B-00C04F79EFBC}") = "5T_StockageIP_AdrienBrahy", "5T_StockageIP_AdrienBrahy.csproj", "{8F58B5BB-6A71-4CDD-B0EE-A074BB1E5C3D}"
EndProject
Global
	GlobalSection(SolutionConfigurationPlatforms) = preSolution
		Debug|Any CPU = Debug|Any CPU
		Release|Any CPU = Release|Any CPU
	EndGlobalSection
	GlobalSection(ProjectConfigurationPlatforms) = postSolution
		{8F58B5BB-6A71-4CDD-B0EE-A074BB1E5C3D}.Debug|Any CPU.ActiveCfg = Debug|Any CPU
		{8F58B5BB-6A71-4CDD-B0EE-A074BB1E5C3D}.Debug|Any CPU.Build.0 = Debug|Any CPU
		{8F58B5BB-6A71-4CDD-B0EE-A074BB1E5C3D}.Release|Any CPU.ActiveCfg = Release|Any CPU
		{8F58B5BB-6A71-4CDD-B0EE-A074BB1E5C3D}.Release|Any CPU.Build.0 = Release|Any CPU
	EndGlobalSection
	GlobalSection(SolutionProperties) = preSolution
		HideSolutionNode = FALSE
	EndGlobalSection
	GlobalSection(ExtensibilityGlobals) = postSolution
		SolutionGuid = {316AB574-E3F4-4322-9609-EA83073C5F60}
	EndGlobalSection
EndGlobal
