
Microsoft Visual Studio Solution File, Format Version 12.00
# Visual Studio Version 17
VisualStudioVersion = 17.7.34024.191
MinimumVisualStudioVersion = 10.0.40219.1
Project("{FAE04EC0-301F-11D3-BF4B-00C04F79EFBC}") = "5t_AdrienB_Ex2", "5t_AdrienB_Ex2.csproj", "{8A025DAD-578F-4EB2-8568-9FDB1F7B1EDB}"
EndProject
Global
	GlobalSection(SolutionConfigurationPlatforms) = preSolution
		Debug|Any CPU = Debug|Any CPU
		Release|Any CPU = Release|Any CPU
	EndGlobalSection
	GlobalSection(ProjectConfigurationPlatforms) = postSolution
		{8A025DAD-578F-4EB2-8568-9FDB1F7B1EDB}.Debug|Any CPU.ActiveCfg = Debug|Any CPU
		{8A025DAD-578F-4EB2-8568-9FDB1F7B1EDB}.Debug|Any CPU.Build.0 = Debug|Any CPU
		{8A025DAD-578F-4EB2-8568-9FDB1F7B1EDB}.Release|Any CPU.ActiveCfg = Release|Any CPU
		{8A025DAD-578F-4EB2-8568-9FDB1F7B1EDB}.Release|Any CPU.Build.0 = Release|Any CPU
	EndGlobalSection
	GlobalSection(SolutionProperties) = preSolution
		HideSolutionNode = FALSE
	EndGlobalSection
	GlobalSection(ExtensibilityGlobals) = postSolution
		SolutionGuid = {C007A7BA-03CB-4F71-9675-8BEFDE6DD770}
	EndGlobalSection
EndGlobal
