
Microsoft Visual Studio Solution File, Format Version 12.00
# Visual Studio Version 17
VisualStudioVersion = 17.7.34024.191
MinimumVisualStudioVersion = 10.0.40219.1
Project("{FAE04EC0-301F-11D3-BF4B-00C04F79EFBC}") = "5Ti_appMatrice_AdrienB", "5Ti_appMatrice_AdrienB.csproj", "{BDF653BF-D230-47DE-9DB6-7434A8A145C6}"
EndProject
Global
	GlobalSection(SolutionConfigurationPlatforms) = preSolution
		Debug|Any CPU = Debug|Any CPU
		Release|Any CPU = Release|Any CPU
	EndGlobalSection
	GlobalSection(ProjectConfigurationPlatforms) = postSolution
		{BDF653BF-D230-47DE-9DB6-7434A8A145C6}.Debug|Any CPU.ActiveCfg = Debug|Any CPU
		{BDF653BF-D230-47DE-9DB6-7434A8A145C6}.Debug|Any CPU.Build.0 = Debug|Any CPU
		{BDF653BF-D230-47DE-9DB6-7434A8A145C6}.Release|Any CPU.ActiveCfg = Release|Any CPU
		{BDF653BF-D230-47DE-9DB6-7434A8A145C6}.Release|Any CPU.Build.0 = Release|Any CPU
	EndGlobalSection
	GlobalSection(SolutionProperties) = preSolution
		HideSolutionNode = FALSE
	EndGlobalSection
	GlobalSection(ExtensibilityGlobals) = postSolution
		SolutionGuid = {99F1F610-C1BD-4651-A057-85ED63FBFE49}
	EndGlobalSection
EndGlobal
