
Microsoft Visual Studio Solution File, Format Version 12.00
# Visual Studio Version 17
VisualStudioVersion = 17.7.34024.191
MinimumVisualStudioVersion = 10.0.40219.1
Project("{FAE04EC0-301F-11D3-BF4B-00C04F79EFBC}") = "5tti_ExPyra_AdrienBrahy", "5tti_ExPyra_AdrienBrahy.csproj", "{095F0345-AF88-4BED-9591-8F1748B29D9F}"
EndProject
Global
	GlobalSection(SolutionConfigurationPlatforms) = preSolution
		Debug|Any CPU = Debug|Any CPU
		Release|Any CPU = Release|Any CPU
	EndGlobalSection
	GlobalSection(ProjectConfigurationPlatforms) = postSolution
		{095F0345-AF88-4BED-9591-8F1748B29D9F}.Debug|Any CPU.ActiveCfg = Debug|Any CPU
		{095F0345-AF88-4BED-9591-8F1748B29D9F}.Debug|Any CPU.Build.0 = Debug|Any CPU
		{095F0345-AF88-4BED-9591-8F1748B29D9F}.Release|Any CPU.ActiveCfg = Release|Any CPU
		{095F0345-AF88-4BED-9591-8F1748B29D9F}.Release|Any CPU.Build.0 = Release|Any CPU
	EndGlobalSection
	GlobalSection(SolutionProperties) = preSolution
		HideSolutionNode = FALSE
	EndGlobalSection
	GlobalSection(ExtensibilityGlobals) = postSolution
		SolutionGuid = {5DAB6F5F-A360-4800-B9B0-0DDAE8183909}
	EndGlobalSection
EndGlobal
