
Microsoft Visual Studio Solution File, Format Version 12.00
# Visual Studio Version 17
VisualStudioVersion = 17.9.34728.123
MinimumVisualStudioVersion = 10.0.40219.1
Project("{FAE04EC0-301F-11D3-BF4B-00C04F79EFBC}") = "5Ti_PrepaExam_AdrienBrahy", "5Ti_PrepaExam_AdrienBrahy.csproj", "{2B2AB78D-5166-48AC-94C8-78B198F154ED}"
EndProject
Global
	GlobalSection(SolutionConfigurationPlatforms) = preSolution
		Debug|Any CPU = Debug|Any CPU
		Release|Any CPU = Release|Any CPU
	EndGlobalSection
	GlobalSection(ProjectConfigurationPlatforms) = postSolution
		{2B2AB78D-5166-48AC-94C8-78B198F154ED}.Debug|Any CPU.ActiveCfg = Debug|Any CPU
		{2B2AB78D-5166-48AC-94C8-78B198F154ED}.Debug|Any CPU.Build.0 = Debug|Any CPU
		{2B2AB78D-5166-48AC-94C8-78B198F154ED}.Release|Any CPU.ActiveCfg = Release|Any CPU
		{2B2AB78D-5166-48AC-94C8-78B198F154ED}.Release|Any CPU.Build.0 = Release|Any CPU
	EndGlobalSection
	GlobalSection(SolutionProperties) = preSolution
		HideSolutionNode = FALSE
	EndGlobalSection
	GlobalSection(ExtensibilityGlobals) = postSolution
		SolutionGuid = {BAEA408F-AE96-4B31-82FB-4AEC581C8105}
	EndGlobalSection
EndGlobal
